
Microsoft Visual Studio Solution File, Format Version 12.00
# Visual Studio Version 17
VisualStudioVersion = 17.14.36221.1 d17.14
MinimumVisualStudioVersion = 10.0.40219.1
Project("{8BC9CEB8-8B4A-11D0-8D11-00A0C91BC942}") = "Mapping-Software", "Mapping-Software.vcxproj", "{B774F8CC-195B-40A6-9DD9-0A9B3AEB2B6A}"
EndProject
Global
	GlobalSection(SolutionConfigurationPlatforms) = preSolution
		Debug|x64 = Debug|x64
		Debug|x86 = Debug|x86
		Release|x64 = Release|x64
		Release|x86 = Release|x86
	EndGlobalSection
	GlobalSection(ProjectConfigurationPlatforms) = postSolution
		{B774F8CC-195B-40A6-9DD9-0A9B3AEB2B6A}.Debug|x64.ActiveCfg = Debug|x64
		{B774F8CC-195B-40A6-9DD9-0A9B3AEB2B6A}.Debug|x64.Build.0 = Debug|x64
		{B774F8CC-195B-40A6-9DD9-0A9B3AEB2B6A}.Debug|x86.ActiveCfg = Debug|Win32
		{B774F8CC-195B-40A6-9DD9-0A9B3AEB2B6A}.Debug|x86.Build.0 = Debug|Win32
		{B774F8CC-195B-40A6-9DD9-0A9B3AEB2B6A}.Release|x64.ActiveCfg = Release|x64
		{B774F8CC-195B-40A6-9DD9-0A9B3AEB2B6A}.Release|x64.Build.0 = Release|x64
		{B774F8CC-195B-40A6-9DD9-0A9B3AEB2B6A}.Release|x86.ActiveCfg = Release|Win32
		{B774F8CC-195B-40A6-9DD9-0A9B3AEB2B6A}.Release|x86.Build.0 = Release|Win32
	EndGlobalSection
	GlobalSection(SolutionProperties) = preSolution
		HideSolutionNode = FALSE
	EndGlobalSection
	GlobalSection(ExtensibilityGlobals) = postSolution
		SolutionGuid = {87D33D17-B3FA-4C14-B22F-9A4FF2E3EBC1}
	EndGlobalSection
EndGlobal
